
Microsoft Visual Studio Solution File, Format Version 12.00
# Visual Studio 15
VisualStudioVersion = 15.0.28306.52
MinimumVisualStudioVersion = 10.0.40219.1
Project("{FAE04EC0-301F-11D3-BF4B-00C04F79EFBC}") = "Clock", "Clock\Clock.csproj", "{15FF423E-5DEB-4F7E-9531-FA0F4ECB254B}"
EndProject
Global
	GlobalSection(SolutionConfigurationPlatforms) = preSolution
		Debug|Any CPU = Debug|Any CPU
		Release|Any CPU = Release|Any CPU
	EndGlobalSection
	GlobalSection(ProjectConfigurationPlatforms) = postSolution
		{15FF423E-5DEB-4F7E-9531-FA0F4ECB254B}.Debug|Any CPU.ActiveCfg = Debug|Any CPU
		{15FF423E-5DEB-4F7E-9531-FA0F4ECB254B}.Debug|Any CPU.Build.0 = Debug|Any CPU
		{15FF423E-5DEB-4F7E-9531-FA0F4ECB254B}.Release|Any CPU.ActiveCfg = Release|Any CPU
		{15FF423E-5DEB-4F7E-9531-FA0F4ECB254B}.Release|Any CPU.Build.0 = Release|Any CPU
	EndGlobalSection
	GlobalSection(SolutionProperties) = preSolution
		HideSolutionNode = FALSE
	EndGlobalSection
	GlobalSection(ExtensibilityGlobals) = postSolution
		SolutionGuid = {496948AA-FC66-4E95-B02C-95DB20DD6AAF}
	EndGlobalSection
EndGlobal
